
Microsoft Visual Studio Solution File, Format Version 12.00
# Visual Studio Version 16
VisualStudioVersion = 16.0.30804.86
MinimumVisualStudioVersion = 10.0.40219.1
Project("{FAE04EC0-301F-11D3-BF4B-00C04F79EFBC}") = "CrudOpearations", "CrudOpearations.csproj", "{061FACB2-42F4-4EA7-B0D9-B552CA776C89}"
EndProject
Global
	GlobalSection(SolutionConfigurationPlatforms) = preSolution
		Debug|Any CPU = Debug|Any CPU
		Release|Any CPU = Release|Any CPU
	EndGlobalSection
	GlobalSection(ProjectConfigurationPlatforms) = postSolution
		{061FACB2-42F4-4EA7-B0D9-B552CA776C89}.Debug|Any CPU.ActiveCfg = Debug|Any CPU
		{061FACB2-42F4-4EA7-B0D9-B552CA776C89}.Debug|Any CPU.Build.0 = Debug|Any CPU
		{061FACB2-42F4-4EA7-B0D9-B552CA776C89}.Release|Any CPU.ActiveCfg = Release|Any CPU
		{061FACB2-42F4-4EA7-B0D9-B552CA776C89}.Release|Any CPU.Build.0 = Release|Any CPU
	EndGlobalSection
	GlobalSection(SolutionProperties) = preSolution
		HideSolutionNode = FALSE
	EndGlobalSection
	GlobalSection(ExtensibilityGlobals) = postSolution
		SolutionGuid = {0E4A48D1-608C-4935-BF08-6B0CBD102760}
	EndGlobalSection
EndGlobal
